// !$*UTF8*$!
{
	archiveVersion = 1;
	classes = {
	};
	objectVersion = 50;
	objects = {

/* Begin PBXBuildFile section */
		04167F122227BC3B004DE18F /* Media.xcassets in Resources */ = {isa = PBXBuildFile; fileRef = 04167F112227BC3B004DE18F /* Media.xcassets */; };
		96148F2F21B50BB500BA639B /* ScanAnimation.swift in Sources */ = {isa = PBXBuildFile; fileRef = 96148F2E21B50BB500BA639B /* ScanAnimation.swift */; };
		96148F3121B519A300BA639B /* UIImage+Extensions.swift in Sources */ = {isa = PBXBuildFile; fileRef = 96148F3021B519A300BA639B /* UIImage+Extensions.swift */; };
		96538B5921B6454A00470AD7 /* GenerateCodeVC.swift in Sources */ = {isa = PBXBuildFile; fileRef = 96538B5821B6454A00470AD7 /* GenerateCodeVC.swift */; };
		9656A3AB21B0ED5900AC7C3A /* ScannerVC.swift in Sources */ = {isa = PBXBuildFile; fileRef = 9656A3A921B0ED5900AC7C3A /* ScannerVC.swift */; };
		9656A3AF21B114B800AC7C3A /* CameraVC.swift in Sources */ = {isa = PBXBuildFile; fileRef = 9656A3AD21B114B800AC7C3A /* CameraVC.swift */; };
		9656A3B321B11FBD00AC7C3A /* ScanView.swift in Sources */ = {isa = PBXBuildFile; fileRef = 9656A3B221B11FBD00AC7C3A /* ScanView.swift */; };
		9656A3B521B1208500AC7C3A /* CornerLocation.swift in Sources */ = {isa = PBXBuildFile; fileRef = 9656A3B421B1208500AC7C3A /* CornerLocation.swift */; };
		9656A3B721B121FA00AC7C3A /* ScanAnimationStyle.swift in Sources */ = {isa = PBXBuildFile; fileRef = 9656A3B621B121FA00AC7C3A /* ScanAnimationStyle.swift */; };
		969C481321AFB96000ECA382 /* AppDelegate.swift in Sources */ = {isa = PBXBuildFile; fileRef = 969C481221AFB96000ECA382 /* AppDelegate.swift */; };
		969C481521AFB96000ECA382 /* ViewController.swift in Sources */ = {isa = PBXBuildFile; fileRef = 969C481421AFB96000ECA382 /* ViewController.swift */; };
		969C481821AFB96000ECA382 /* Main.storyboard in Resources */ = {isa = PBXBuildFile; fileRef = 969C481621AFB96000ECA382 /* Main.storyboard */; };
		969C481A21AFB96A00ECA382 /* Assets.xcassets in Resources */ = {isa = PBXBuildFile; fileRef = 969C481921AFB96A00ECA382 /* Assets.xcassets */; };
		969C481D21AFB96A00ECA382 /* LaunchScreen.storyboard in Resources */ = {isa = PBXBuildFile; fileRef = 969C481B21AFB96A00ECA382 /* LaunchScreen.storyboard */; };
		969C482D21AFBD1100ECA382 /* SwiftScanner.h in Headers */ = {isa = PBXBuildFile; fileRef = 969C482B21AFBD1100ECA382 /* SwiftScanner.h */; settings = {ATTRIBUTES = (Public, ); }; };
		969C483021AFBD1100ECA382 /* SwiftScanner.framework in Frameworks */ = {isa = PBXBuildFile; fileRef = 969C482921AFBD1100ECA382 /* SwiftScanner.framework */; };
		969C483121AFBD1100ECA382 /* SwiftScanner.framework in Embed Frameworks */ = {isa = PBXBuildFile; fileRef = 969C482921AFBD1100ECA382 /* SwiftScanner.framework */; settings = {ATTRIBUTES = (CodeSignOnCopy, RemoveHeadersOnCopy, ); }; };
		969C483721AFBD2700ECA382 /* Platform.swift in Sources */ = {isa = PBXBuildFile; fileRef = 969C483621AFBD2700ECA382 /* Platform.swift */; };
		969C483A21AFBE5200ECA382 /* AVMetadataObject+Extensions.swift in Sources */ = {isa = PBXBuildFile; fileRef = 969C483921AFBE5200ECA382 /* AVMetadataObject+Extensions.swift */; };
		969C483C21AFBF0600ECA382 /* UIViewController+Extensions.swift in Sources */ = {isa = PBXBuildFile; fileRef = 969C483B21AFBF0600ECA382 /* UIViewController+Extensions.swift */; };
		969C483E21AFC15700ECA382 /* Common.swift in Sources */ = {isa = PBXBuildFile; fileRef = 969C483D21AFC15700ECA382 /* Common.swift */; };
		969C484221AFC1ED00ECA382 /* TorchMode.swift in Sources */ = {isa = PBXBuildFile; fileRef = 969C484121AFC1ED00ECA382 /* TorchMode.swift */; };
		969C489821AFD3CF00ECA382 /* HeaderVC.swift in Sources */ = {isa = PBXBuildFile; fileRef = 969C489621AFD3CF00ECA382 /* HeaderVC.swift */; };
		969C489921AFD3CF00ECA382 /* HeaderVC.xib in Resources */ = {isa = PBXBuildFile; fileRef = 969C489721AFD3CF00ECA382 /* HeaderVC.xib */; };
/* End PBXBuildFile section */

/* Begin PBXContainerItemProxy section */
		969C482E21AFBD1100ECA382 /* PBXContainerItemProxy */ = {
			isa = PBXContainerItemProxy;
			containerPortal = 969C480721AFB96000ECA382 /* Project object */;
			proxyType = 1;
			remoteGlobalIDString = 969C482821AFBD1100ECA382;
			remoteInfo = SwiftScanner;
		};
/* End PBXContainerItemProxy section */

/* Begin PBXCopyFilesBuildPhase section */
		969C483521AFBD1100ECA382 /* Embed Frameworks */ = {
			isa = PBXCopyFilesBuildPhase;
			buildActionMask = 2147483647;
			dstPath = "";
			dstSubfolderSpec = 10;
			files = (
				969C483121AFBD1100ECA382 /* SwiftScanner.framework in Embed Frameworks */,
			);
			name = "Embed Frameworks";
			runOnlyForDeploymentPostprocessing = 0;
		};
/* End PBXCopyFilesBuildPhase section */

/* Begin PBXFileReference section */
		04167F112227BC3B004DE18F /* Media.xcassets */ = {isa = PBXFileReference; lastKnownFileType = folder.assetcatalog; path = Media.xcassets; sourceTree = "<group>"; };
		96148F2E21B50BB500BA639B /* ScanAnimation.swift */ = {isa = PBXFileReference; lastKnownFileType = sourcecode.swift; path = ScanAnimation.swift; sourceTree = "<group>"; };
		96148F3021B519A300BA639B /* UIImage+Extensions.swift */ = {isa = PBXFileReference; lastKnownFileType = sourcecode.swift; path = "UIImage+Extensions.swift"; sourceTree = "<group>"; };
		96538B5821B6454A00470AD7 /* GenerateCodeVC.swift */ = {isa = PBXFileReference; lastKnownFileType = sourcecode.swift; path = GenerateCodeVC.swift; sourceTree = "<group>"; };
		9656A3A921B0ED5900AC7C3A /* ScannerVC.swift */ = {isa = PBXFileReference; lastKnownFileType = sourcecode.swift; path = ScannerVC.swift; sourceTree = "<group>"; };
		9656A3AD21B114B800AC7C3A /* CameraVC.swift */ = {isa = PBXFileReference; lastKnownFileType = sourcecode.swift; path = CameraVC.swift; sourceTree = "<group>"; };
		9656A3B221B11FBD00AC7C3A /* ScanView.swift */ = {isa = PBXFileReference; lastKnownFileType = sourcecode.swift; path = ScanView.swift; sourceTree = "<group>"; };
		9656A3B421B1208500AC7C3A /* CornerLocation.swift */ = {isa = PBXFileReference; lastKnownFileType = sourcecode.swift; path = CornerLocation.swift; sourceTree = "<group>"; };
		9656A3B621B121FA00AC7C3A /* ScanAnimationStyle.swift */ = {isa = PBXFileReference; lastKnownFileType = sourcecode.swift; path = ScanAnimationStyle.swift; sourceTree = "<group>"; };
		969C480F21AFB96000ECA382 /* SwiftScan.app */ = {isa = PBXFileReference; explicitFileType = wrapper.application; includeInIndex = 0; path = SwiftScan.app; sourceTree = BUILT_PRODUCTS_DIR; };
		969C481221AFB96000ECA382 /* AppDelegate.swift */ = {isa = PBXFileReference; lastKnownFileType = sourcecode.swift; path = AppDelegate.swift; sourceTree = "<group>"; };
		969C481421AFB96000ECA382 /* ViewController.swift */ = {isa = PBXFileReference; lastKnownFileType = sourcecode.swift; path = ViewController.swift; sourceTree = "<group>"; };
		969C481721AFB96000ECA382 /* Base */ = {isa = PBXFileReference; lastKnownFileType = file.storyboard; name = Base; path = Base.lproj/Main.storyboard; sourceTree = "<group>"; };
		969C481921AFB96A00ECA382 /* Assets.xcassets */ = {isa = PBXFileReference; lastKnownFileType = folder.assetcatalog; path = Assets.xcassets; sourceTree = "<group>"; };
		969C481C21AFB96A00ECA382 /* Base */ = {isa = PBXFileReference; lastKnownFileType = file.storyboard; name = Base; path = Base.lproj/LaunchScreen.storyboard; sourceTree = "<group>"; };
		969C481E21AFB96A00ECA382 /* Info.plist */ = {isa = PBXFileReference; lastKnownFileType = text.plist.xml; path = Info.plist; sourceTree = "<group>"; };
		969C482921AFBD1100ECA382 /* SwiftScanner.framework */ = {isa = PBXFileReference; explicitFileType = wrapper.framework; includeInIndex = 0; path = SwiftScanner.framework; sourceTree = BUILT_PRODUCTS_DIR; };
		969C482B21AFBD1100ECA382 /* SwiftScanner.h */ = {isa = PBXFileReference; lastKnownFileType = sourcecode.c.h; path = SwiftScanner.h; sourceTree = "<group>"; };
		969C482C21AFBD1100ECA382 /* Info.plist */ = {isa = PBXFileReference; lastKnownFileType = text.plist.xml; path = Info.plist; sourceTree = "<group>"; };
		969C483621AFBD2700ECA382 /* Platform.swift */ = {isa = PBXFileReference; lastKnownFileType = sourcecode.swift; path = Platform.swift; sourceTree = "<group>"; };
		969C483921AFBE5200ECA382 /* AVMetadataObject+Extensions.swift */ = {isa = PBXFileReference; lastKnownFileType = sourcecode.swift; path = "AVMetadataObject+Extensions.swift"; sourceTree = "<group>"; };
		969C483B21AFBF0600ECA382 /* UIViewController+Extensions.swift */ = {isa = PBXFileReference; lastKnownFileType = sourcecode.swift; path = "UIViewController+Extensions.swift"; sourceTree = "<group>"; };
		969C483D21AFC15700ECA382 /* Common.swift */ = {isa = PBXFileReference; lastKnownFileType = sourcecode.swift; path = Common.swift; sourceTree = "<group>"; };
		969C484121AFC1ED00ECA382 /* TorchMode.swift */ = {isa = PBXFileReference; lastKnownFileType = sourcecode.swift; path = TorchMode.swift; sourceTree = "<group>"; };
		969C489621AFD3CF00ECA382 /* HeaderVC.swift */ = {isa = PBXFileReference; lastKnownFileType = sourcecode.swift; path = HeaderVC.swift; sourceTree = "<group>"; };
		969C489721AFD3CF00ECA382 /* HeaderVC.xib */ = {isa = PBXFileReference; lastKnownFileType = file.xib; path = HeaderVC.xib; sourceTree = "<group>"; };
/* End PBXFileReference section */

/* Begin PBXFrameworksBuildPhase section */
		969C480C21AFB96000ECA382 /* Frameworks */ = {
			isa = PBXFrameworksBuildPhase;
			buildActionMask = 2147483647;
			files = (
				969C483021AFBD1100ECA382 /* SwiftScanner.framework in Frameworks */,
			);
			runOnlyForDeploymentPostprocessing = 0;
		};
		969C482621AFBD1100ECA382 /* Frameworks */ = {
			isa = PBXFrameworksBuildPhase;
			buildActionMask = 2147483647;
			files = (
			);
			runOnlyForDeploymentPostprocessing = 0;
		};
/* End PBXFrameworksBuildPhase section */

/* Begin PBXGroup section */
		9656A3B121B11FA400AC7C3A /* Views */ = {
			isa = PBXGroup;
			children = (
				9656A3B221B11FBD00AC7C3A /* ScanView.swift */,
			);
			path = Views;
			sourceTree = "<group>";
		};
		969C480621AFB96000ECA382 = {
			isa = PBXGroup;
			children = (
				969C481121AFB96000ECA382 /* SwiftScan */,
				969C482A21AFBD1100ECA382 /* SwiftScanner */,
				969C481021AFB96000ECA382 /* Products */,
			);
			sourceTree = "<group>";
		};
		969C481021AFB96000ECA382 /* Products */ = {
			isa = PBXGroup;
			children = (
				969C480F21AFB96000ECA382 /* SwiftScan.app */,
				969C482921AFBD1100ECA382 /* SwiftScanner.framework */,
			);
			name = Products;
			sourceTree = "<group>";
		};
		969C481121AFB96000ECA382 /* SwiftScan */ = {
			isa = PBXGroup;
			children = (
				969C481221AFB96000ECA382 /* AppDelegate.swift */,
				969C481421AFB96000ECA382 /* ViewController.swift */,
				96538B5821B6454A00470AD7 /* GenerateCodeVC.swift */,
				969C481621AFB96000ECA382 /* Main.storyboard */,
				969C481921AFB96A00ECA382 /* Assets.xcassets */,
				969C481B21AFB96A00ECA382 /* LaunchScreen.storyboard */,
				969C481E21AFB96A00ECA382 /* Info.plist */,
			);
			path = SwiftScan;
			sourceTree = "<group>";
		};
		969C482A21AFBD1100ECA382 /* SwiftScanner */ = {
			isa = PBXGroup;
			children = (
				969C482B21AFBD1100ECA382 /* SwiftScanner.h */,
				04167F112227BC3B004DE18F /* Media.xcassets */,
				969C483F21AFC1BE00ECA382 /* Common */,
				969C483821AFBE0F00ECA382 /* Extensions */,
				969C484021AFC1C700ECA382 /* Model */,
				969C489321AFCDCB00ECA382 /* Controllers */,
				9656A3B121B11FA400AC7C3A /* Views */,
				969C482C21AFBD1100ECA382 /* Info.plist */,
			);
			path = SwiftScanner;
			sourceTree = "<group>";
		};
		969C483821AFBE0F00ECA382 /* Extensions */ = {
			isa = PBXGroup;
			children = (
				969C483621AFBD2700ECA382 /* Platform.swift */,
				96148F3021B519A300BA639B /* UIImage+Extensions.swift */,
				969C483921AFBE5200ECA382 /* AVMetadataObject+Extensions.swift */,
				969C483B21AFBF0600ECA382 /* UIViewController+Extensions.swift */,
				96148F2E21B50BB500BA639B /* ScanAnimation.swift */,
			);
			path = Extensions;
			sourceTree = "<group>";
		};
		969C483F21AFC1BE00ECA382 /* Common */ = {
			isa = PBXGroup;
			children = (
				969C483D21AFC15700ECA382 /* Common.swift */,
			);
			path = Common;
			sourceTree = "<group>";
		};
		969C484021AFC1C700ECA382 /* Model */ = {
			isa = PBXGroup;
			children = (
				969C484121AFC1ED00ECA382 /* TorchMode.swift */,
				9656A3B421B1208500AC7C3A /* CornerLocation.swift */,
				9656A3B621B121FA00AC7C3A /* ScanAnimationStyle.swift */,
			);
			path = Model;
			sourceTree = "<group>";
		};
		969C489321AFCDCB00ECA382 /* Controllers */ = {
			isa = PBXGroup;
			children = (
				969C489621AFD3CF00ECA382 /* HeaderVC.swift */,
				969C489721AFD3CF00ECA382 /* HeaderVC.xib */,
				9656A3AD21B114B800AC7C3A /* CameraVC.swift */,
				9656A3A921B0ED5900AC7C3A /* ScannerVC.swift */,
			);
			path = Controllers;
			sourceTree = "<group>";
		};
/* End PBXGroup section */

/* Begin PBXHeadersBuildPhase section */
		969C482421AFBD1100ECA382 /* Headers */ = {
			isa = PBXHeadersBuildPhase;
			buildActionMask = 2147483647;
			files = (
				969C482D21AFBD1100ECA382 /* SwiftScanner.h in Headers */,
			);
			runOnlyForDeploymentPostprocessing = 0;
		};
/* End PBXHeadersBuildPhase section */

/* Begin PBXNativeTarget section */
		969C480E21AFB96000ECA382 /* SwiftScan */ = {
			isa = PBXNativeTarget;
			buildConfigurationList = 969C482121AFB96A00ECA382 /* Build configuration list for PBXNativeTarget "SwiftScan" */;
			buildPhases = (
				969C480B21AFB96000ECA382 /* Sources */,
				969C480C21AFB96000ECA382 /* Frameworks */,
				969C480D21AFB96000ECA382 /* Resources */,
				969C483521AFBD1100ECA382 /* Embed Frameworks */,
			);
			buildRules = (
			);
			dependencies = (
				969C482F21AFBD1100ECA382 /* PBXTargetDependency */,
			);
			name = SwiftScan;
			productName = SwiftScan;
			productReference = 969C480F21AFB96000ECA382 /* SwiftScan.app */;
			productType = "com.apple.product-type.application";
		};
		969C482821AFBD1100ECA382 /* SwiftScanner */ = {
			isa = PBXNativeTarget;
			buildConfigurationList = 969C483221AFBD1100ECA382 /* Build configuration list for PBXNativeTarget "SwiftScanner" */;
			buildPhases = (
				969C482421AFBD1100ECA382 /* Headers */,
				969C482521AFBD1100ECA382 /* Sources */,
				969C482621AFBD1100ECA382 /* Frameworks */,
				969C482721AFBD1100ECA382 /* Resources */,
			);
			buildRules = (
			);
			dependencies = (
			);
			name = SwiftScanner;
			productName = SwiftScanner;
			productReference = 969C482921AFBD1100ECA382 /* SwiftScanner.framework */;
			productType = "com.apple.product-type.framework";
		};
/* End PBXNativeTarget section */

/* Begin PBXProject section */
		969C480721AFB96000ECA382 /* Project object */ = {
			isa = PBXProject;
			attributes = {
				LastSwiftUpdateCheck = 1010;
				LastUpgradeCheck = 1010;
				ORGANIZATIONNAME = Jason;
				TargetAttributes = {
					969C480E21AFB96000ECA382 = {
						CreatedOnToolsVersion = 10.1;
					};
					969C482821AFBD1100ECA382 = {
						CreatedOnToolsVersion = 10.1;
						LastSwiftMigration = 1020;
					};
				};
			};
			buildConfigurationList = 969C480A21AFB96000ECA382 /* Build configuration list for PBXProject "SwiftScan" */;
			compatibilityVersion = "Xcode 9.3";
			developmentRegion = en;
			hasScannedForEncodings = 0;
			knownRegions = (
				en,
				Base,
			);
			mainGroup = 969C480621AFB96000ECA382;
			productRefGroup = 969C481021AFB96000ECA382 /* Products */;
			projectDirPath = "";
			projectRoot = "";
			targets = (
				969C480E21AFB96000ECA382 /* SwiftScan */,
				969C482821AFBD1100ECA382 /* SwiftScanner */,
			);
		};
/* End PBXProject section */

/* Begin PBXResourcesBuildPhase section */
		969C480D21AFB96000ECA382 /* Resources */ = {
			isa = PBXResourcesBuildPhase;
			buildActionMask = 2147483647;
			files = (
				969C481D21AFB96A00ECA382 /* LaunchScreen.storyboard in Resources */,
				969C481A21AFB96A00ECA382 /* Assets.xcassets in Resources */,
				969C481821AFB96000ECA382 /* Main.storyboard in Resources */,
			);
			runOnlyForDeploymentPostprocessing = 0;
		};
		969C482721AFBD1100ECA382 /* Resources */ = {
			isa = PBXResourcesBuildPhase;
			buildActionMask = 2147483647;
			files = (
				04167F122227BC3B004DE18F /* Media.xcassets in Resources */,
				969C489921AFD3CF00ECA382 /* HeaderVC.xib in Resources */,
			);
			runOnlyForDeploymentPostprocessing = 0;
		};
/* End PBXResourcesBuildPhase section */

/* Begin PBXSourcesBuildPhase section */
		969C480B21AFB96000ECA382 /* Sources */ = {
			isa = PBXSourcesBuildPhase;
			buildActionMask = 2147483647;
			files = (
				969C481521AFB96000ECA382 /* ViewController.swift in Sources */,
				96538B5921B6454A00470AD7 /* GenerateCodeVC.swift in Sources */,
				969C481321AFB96000ECA382 /* AppDelegate.swift in Sources */,
			);
			runOnlyForDeploymentPostprocessing = 0;
		};
		969C482521AFBD1100ECA382 /* Sources */ = {
			isa = PBXSourcesBuildPhase;
			buildActionMask = 2147483647;
			files = (
				969C484221AFC1ED00ECA382 /* TorchMode.swift in Sources */,
				969C489821AFD3CF00ECA382 /* HeaderVC.swift in Sources */,
				969C483E21AFC15700ECA382 /* Common.swift in Sources */,
				96148F2F21B50BB500BA639B /* ScanAnimation.swift in Sources */,
				9656A3AF21B114B800AC7C3A /* CameraVC.swift in Sources */,
				969C483A21AFBE5200ECA382 /* AVMetadataObject+Extensions.swift in Sources */,
				9656A3B321B11FBD00AC7C3A /* ScanView.swift in Sources */,
				969C483C21AFBF0600ECA382 /* UIViewController+Extensions.swift in Sources */,
				9656A3AB21B0ED5900AC7C3A /* ScannerVC.swift in Sources */,
				969C483721AFBD2700ECA382 /* Platform.swift in Sources */,
				96148F3121B519A300BA639B /* UIImage+Extensions.swift in Sources */,
				9656A3B721B121FA00AC7C3A /* ScanAnimationStyle.swift in Sources */,
				9656A3B521B1208500AC7C3A /* CornerLocation.swift in Sources */,
			);
			runOnlyForDeploymentPostprocessing = 0;
		};
/* End PBXSourcesBuildPhase section */

/* Begin PBXTargetDependency section */
		969C482F21AFBD1100ECA382 /* PBXTargetDependency */ = {
			isa = PBXTargetDependency;
			target = 969C482821AFBD1100ECA382 /* SwiftScanner */;
			targetProxy = 969C482E21AFBD1100ECA382 /* PBXContainerItemProxy */;
		};
/* End PBXTargetDependency section */

/* Begin PBXVariantGroup section */
		969C481621AFB96000ECA382 /* Main.storyboard */ = {
			isa = PBXVariantGroup;
			children = (
				969C481721AFB96000ECA382 /* Base */,
			);
			name = Main.storyboard;
			sourceTree = "<group>";
		};
		969C481B21AFB96A00ECA382 /* LaunchScreen.storyboard */ = {
			isa = PBXVariantGroup;
			children = (
				969C481C21AFB96A00ECA382 /* Base */,
			);
			name = LaunchScreen.storyboard;
			sourceTree = "<group>";
		};
/* End PBXVariantGroup section */

/* Begin XCBuildConfiguration section */
		969C481F21AFB96A00ECA382 /* Debug */ = {
			isa = XCBuildConfiguration;
			buildSettings = {
				ALWAYS_SEARCH_USER_PATHS = NO;
				CLANG_ANALYZER_NONNULL = YES;
				CLANG_ANALYZER_NUMBER_OBJECT_CONVERSION = YES_AGGRESSIVE;
				CLANG_CXX_LANGUAGE_STANDARD = "gnu++14";
				CLANG_CXX_LIBRARY = "libc++";
				CLANG_ENABLE_MODULES = YES;
				CLANG_ENABLE_OBJC_ARC = YES;
				CLANG_ENABLE_OBJC_WEAK = YES;
				CLANG_WARN_BLOCK_CAPTURE_AUTORELEASING = YES;
				CLANG_WARN_BOOL_CONVERSION = YES;
				CLANG_WARN_COMMA = YES;
				CLANG_WARN_CONSTANT_CONVERSION = YES;
				CLANG_WARN_DEPRECATED_OBJC_IMPLEMENTATIONS = YES;
				CLANG_WARN_DIRECT_OBJC_ISA_USAGE = YES_ERROR;
				CLANG_WARN_DOCUMENTATION_COMMENTS = YES;
				CLANG_WARN_EMPTY_BODY = YES;
				CLANG_WARN_ENUM_CONVERSION = YES;
				CLANG_WARN_INFINITE_RECURSION = YES;
				CLANG_WARN_INT_CONVERSION = YES;
				CLANG_WARN_NON_LITERAL_NULL_CONVERSION = YES;
				CLANG_WARN_OBJC_IMPLICIT_RETAIN_SELF = YES;
				CLANG_WARN_OBJC_LITERAL_CONVERSION = YES;
				CLANG_WARN_OBJC_ROOT_CLASS = YES_ERROR;
				CLANG_WARN_RANGE_LOOP_ANALYSIS = YES;
				CLANG_WARN_STRICT_PROTOTYPES = YES;
				CLANG_WARN_SUSPICIOUS_MOVE = YES;
				CLANG_WARN_UNGUARDED_AVAILABILITY = YES_AGGRESSIVE;
				CLANG_WARN_UNREACHABLE_CODE = YES;
				CLANG_WARN__DUPLICATE_METHOD_MATCH = YES;
				CODE_SIGN_IDENTITY = "iPhone Developer";
				COPY_PHASE_STRIP = NO;
				DEBUG_INFORMATION_FORMAT = dwarf;
				ENABLE_STRICT_OBJC_MSGSEND = YES;
				ENABLE_TESTABILITY = YES;
				GCC_C_LANGUAGE_STANDARD = gnu11;
				GCC_DYNAMIC_NO_PIC = NO;
				GCC_NO_COMMON_BLOCKS = YES;
				GCC_OPTIMIZATION_LEVEL = 0;
				GCC_PREPROCESSOR_DEFINITIONS = (
					"DEBUG=1",
					"$(inherited)",
				);
				GCC_WARN_64_TO_32_BIT_CONVERSION = YES;
				GCC_WARN_ABOUT_RETURN_TYPE = YES_ERROR;
				GCC_WARN_UNDECLARED_SELECTOR = YES;
				GCC_WARN_UNINITIALIZED_AUTOS = YES_AGGRESSIVE;
				GCC_WARN_UNUSED_FUNCTION = YES;
				GCC_WARN_UNUSED_VARIABLE = YES;
				IPHONEOS_DEPLOYMENT_TARGET = 9.0;
				MTL_ENABLE_DEBUG_INFO = INCLUDE_SOURCE;
				MTL_FAST_MATH = YES;
				ONLY_ACTIVE_ARCH = YES;
				SDKROOT = iphoneos;
				SWIFT_ACTIVE_COMPILATION_CONDITIONS = DEBUG;
				SWIFT_OPTIMIZATION_LEVEL = "-Onone";
			};
			name = Debug;
		};
		969C482021AFB96A00ECA382 /* Release */ = {
			isa = XCBuildConfiguration;
			buildSettings = {
				ALWAYS_SEARCH_USER_PATHS = NO;
				CLANG_ANALYZER_NONNULL = YES;
				CLANG_ANALYZER_NUMBER_OBJECT_CONVERSION = YES_AGGRESSIVE;
				CLANG_CXX_LANGUAGE_STANDARD = "gnu++14";
				CLANG_CXX_LIBRARY = "libc++";
				CLANG_ENABLE_MODULES = YES;
				CLANG_ENABLE_OBJC_ARC = YES;
				CLANG_ENABLE_OBJC_WEAK = YES;
				CLANG_WARN_BLOCK_CAPTURE_AUTORELEASING = YES;
				CLANG_WARN_BOOL_CONVERSION = YES;
				CLANG_WARN_COMMA = YES;
				CLANG_WARN_CONSTANT_CONVERSION = YES;
				CLANG_WARN_DEPRECATED_OBJC_IMPLEMENTATIONS = YES;
				CLANG_WARN_DIRECT_OBJC_ISA_USAGE = YES_ERROR;
				CLANG_WARN_DOCUMENTATION_COMMENTS = YES;
				CLANG_WARN_EMPTY_BODY = YES;
				CLANG_WARN_ENUM_CONVERSION = YES;
				CLANG_WARN_INFINITE_RECURSION = YES;
				CLANG_WARN_INT_CONVERSION = YES;
				CLANG_WARN_NON_LITERAL_NULL_CONVERSION = YES;
				CLANG_WARN_OBJC_IMPLICIT_RETAIN_SELF = YES;
				CLANG_WARN_OBJC_LITERAL_CONVERSION = YES;
				CLANG_WARN_OBJC_ROOT_CLASS = YES_ERROR;
				CLANG_WARN_RANGE_LOOP_ANALYSIS = YES;
				CLANG_WARN_STRICT_PROTOTYPES = YES;
				CLANG_WARN_SUSPICIOUS_MOVE = YES;
				CLANG_WARN_UNGUARDED_AVAILABILITY = YES_AGGRESSIVE;
				CLANG_WARN_UNREACHABLE_CODE = YES;
				CLANG_WARN__DUPLICATE_METHOD_MATCH = YES;
				CODE_SIGN_IDENTITY = "iPhone Developer";
				COPY_PHASE_STRIP = NO;
				DEBUG_INFORMATION_FORMAT = "dwarf-with-dsym";
				ENABLE_NS_ASSERTIONS = NO;
				ENABLE_STRICT_OBJC_MSGSEND = YES;
				GCC_C_LANGUAGE_STANDARD = gnu11;
				GCC_NO_COMMON_BLOCKS = YES;
				GCC_WARN_64_TO_32_BIT_CONVERSION = YES;
				GCC_WARN_ABOUT_RETURN_TYPE = YES_ERROR;
				GCC_WARN_UNDECLARED_SELECTOR = YES;
				GCC_WARN_UNINITIALIZED_AUTOS = YES_AGGRESSIVE;
				GCC_WARN_UNUSED_FUNCTION = YES;
				GCC_WARN_UNUSED_VARIABLE = YES;
				IPHONEOS_DEPLOYMENT_TARGET = 9.0;
				MTL_ENABLE_DEBUG_INFO = NO;
				MTL_FAST_MATH = YES;
				SDKROOT = iphoneos;
				SWIFT_COMPILATION_MODE = wholemodule;
				SWIFT_OPTIMIZATION_LEVEL = "-O";
				VALIDATE_PRODUCT = YES;
			};
			name = Release;
		};
		969C482221AFB96A00ECA382 /* Debug */ = {
			isa = XCBuildConfiguration;
			buildSettings = {
				ALWAYS_EMBED_SWIFT_STANDARD_LIBRARIES = YES;
				ASSETCATALOG_COMPILER_APPICON_NAME = AppIcon;
				CODE_SIGN_STYLE = Automatic;
				DEVELOPMENT_TEAM = 574C8MV2V7;
				INFOPLIST_FILE = SwiftScan/Info.plist;
				IPHONEOS_DEPLOYMENT_TARGET = 9.0;
				LD_RUNPATH_SEARCH_PATHS = (
					"$(inherited)",
					"@executable_path/Frameworks",
				);
				PRODUCT_BUNDLE_IDENTIFIER = com.SwiftScan;
				PRODUCT_NAME = "$(TARGET_NAME)";
				SWIFT_VERSION = 5.0;
				TARGETED_DEVICE_FAMILY = "1,2";
			};
			name = Debug;
		};
		969C482321AFB96A00ECA382 /* Release */ = {
			isa = XCBuildConfiguration;
			buildSettings = {
				ALWAYS_EMBED_SWIFT_STANDARD_LIBRARIES = YES;
				ASSETCATALOG_COMPILER_APPICON_NAME = AppIcon;
				CODE_SIGN_STYLE = Automatic;
				DEVELOPMENT_TEAM = 574C8MV2V7;
				INFOPLIST_FILE = SwiftScan/Info.plist;
				IPHONEOS_DEPLOYMENT_TARGET = 9.0;
				LD_RUNPATH_SEARCH_PATHS = (
					"$(inherited)",
					"@executable_path/Frameworks",
				);
				PRODUCT_BUNDLE_IDENTIFIER = com.SwiftScan;
				PRODUCT_NAME = "$(TARGET_NAME)";
				SWIFT_VERSION = 5.0;
				TARGETED_DEVICE_FAMILY = "1,2";
			};
			name = Release;
		};
		969C483321AFBD1100ECA382 /* Debug */ = {
			isa = XCBuildConfiguration;
			buildSettings = {
				CLANG_ENABLE_MODULES = YES;
				CODE_SIGN_IDENTITY = "";
				CODE_SIGN_STYLE = Automatic;
				CURRENT_PROJECT_VERSION = 1;
				DEFINES_MODULE = YES;
				DYLIB_COMPATIBILITY_VERSION = 1;
				DYLIB_CURRENT_VERSION = 1;
				DYLIB_INSTALL_NAME_BASE = "@rpath";
				INFOPLIST_FILE = SwiftScanner/Info.plist;
				INSTALL_PATH = "$(LOCAL_LIBRARY_DIR)/Frameworks";
				IPHONEOS_DEPLOYMENT_TARGET = 9.0;
				LD_RUNPATH_SEARCH_PATHS = (
					"$(inherited)",
					"@executable_path/Frameworks",
					"@loader_path/Frameworks",
				);
				PRODUCT_BUNDLE_IDENTIFIER = com.SwiftScanner;
				PRODUCT_NAME = "$(TARGET_NAME:c99extidentifier)";
				SKIP_INSTALL = YES;
				SWIFT_OPTIMIZATION_LEVEL = "-Onone";
				SWIFT_VERSION = 5.0;
				TARGETED_DEVICE_FAMILY = "1,2";
				VERSIONING_SYSTEM = "apple-generic";
				VERSION_INFO_PREFIX = "";
			};
			name = Debug;
		};
		969C483421AFBD1100ECA382 /* Release */ = {
			isa = XCBuildConfiguration;
			buildSettings = {
				CLANG_ENABLE_MODULES = YES;
				CODE_SIGN_IDENTITY = "";
				CODE_SIGN_STYLE = Automatic;
				CURRENT_PROJECT_VERSION = 1;
				DEFINES_MODULE = YES;
				DYLIB_COMPATIBILITY_VERSION = 1;
				DYLIB_CURRENT_VERSION = 1;
				DYLIB_INSTALL_NAME_BASE = "@rpath";
				INFOPLIST_FILE = SwiftScanner/Info.plist;
				INSTALL_PATH = "$(LOCAL_LIBRARY_DIR)/Frameworks";
				IPHONEOS_DEPLOYMENT_TARGET = 9.0;
				LD_RUNPATH_SEARCH_PATHS = (
					"$(inherited)",
					"@executable_path/Frameworks",
					"@loader_path/Frameworks",
				);
				PRODUCT_BUNDLE_IDENTIFIER = com.SwiftScanner;
				PRODUCT_NAME = "$(TARGET_NAME:c99extidentifier)";
				SKIP_INSTALL = YES;
				SWIFT_VERSION = 5.0;
				TARGETED_DEVICE_FAMILY = "1,2";
				VERSIONING_SYSTEM = "apple-generic";
				VERSION_INFO_PREFIX = "";
			};
			name = Release;
		};
/* End XCBuildConfiguration section */

/* Begin XCConfigurationList section */
		969C480A21AFB96000ECA382 /* Build configuration list for PBXProject "SwiftScan" */ = {
			isa = XCConfigurationList;
			buildConfigurations = (
				969C481F21AFB96A00ECA382 /* Debug */,
				969C482021AFB96A00ECA382 /* Release */,
			);
			defaultConfigurationIsVisible = 0;
			defaultConfigurationName = Release;
		};
		969C482121AFB96A00ECA382 /* Build configuration list for PBXNativeTarget "SwiftScan" */ = {
			isa = XCConfigurationList;
			buildConfigurations = (
				969C482221AFB96A00ECA382 /* Debug */,
				969C482321AFB96A00ECA382 /* Release */,
			);
			defaultConfigurationIsVisible = 0;
			defaultConfigurationName = Release;
		};
		969C483221AFBD1100ECA382 /* Build configuration list for PBXNativeTarget "SwiftScanner" */ = {
			isa = XCConfigurationList;
			buildConfigurations = (
				969C483321AFBD1100ECA382 /* Debug */,
				969C483421AFBD1100ECA382 /* Release */,
			);
			defaultConfigurationIsVisible = 0;
			defaultConfigurationName = Release;
		};
/* End XCConfigurationList section */
	};
	rootObject = 969C480721AFB96000ECA382 /* Project object */;
}
